
Microsoft Visual Studio Solution File, Format Version 12.00
# Visual Studio Version 17
VisualStudioVersion = 17.2.32519.379
MinimumVisualStudioVersion = 10.0.40219.1
Project("{FAE04EC0-301F-11D3-BF4B-00C04F79EFBC}") = "Cau_2", "Cau_2\Cau_2.csproj", "{7A294FBA-DEFB-4CF7-AF32-D974E24B22B0}"
EndProject
Global
	GlobalSection(SolutionConfigurationPlatforms) = preSolution
		Debug|Any CPU = Debug|Any CPU
		Release|Any CPU = Release|Any CPU
	EndGlobalSection
	GlobalSection(ProjectConfigurationPlatforms) = postSolution
		{7A294FBA-DEFB-4CF7-AF32-D974E24B22B0}.Debug|Any CPU.ActiveCfg = Debug|Any CPU
		{7A294FBA-DEFB-4CF7-AF32-D974E24B22B0}.Debug|Any CPU.Build.0 = Debug|Any CPU
		{7A294FBA-DEFB-4CF7-AF32-D974E24B22B0}.Release|Any CPU.ActiveCfg = Release|Any CPU
		{7A294FBA-DEFB-4CF7-AF32-D974E24B22B0}.Release|Any CPU.Build.0 = Release|Any CPU
	EndGlobalSection
	GlobalSection(SolutionProperties) = preSolution
		HideSolutionNode = FALSE
	EndGlobalSection
	GlobalSection(ExtensibilityGlobals) = postSolution
		SolutionGuid = {3A216B89-6807-47CA-8504-CD32FCC44AD4}
	EndGlobalSection
EndGlobal
