
Microsoft Visual Studio Solution File, Format Version 12.00
# Visual Studio Version 17
VisualStudioVersion = 17.2.32519.379
MinimumVisualStudioVersion = 10.0.40219.1
Project("{FAE04EC0-301F-11D3-BF4B-00C04F79EFBC}") = "BTHso_8+9+10", "BTHso_8+9+10\BTHso_8+9+10.csproj", "{2D8DA079-D35F-4244-8EC5-F470252C382A}"
EndProject
Global
	GlobalSection(SolutionConfigurationPlatforms) = preSolution
		Debug|Any CPU = Debug|Any CPU
		Release|Any CPU = Release|Any CPU
	EndGlobalSection
	GlobalSection(ProjectConfigurationPlatforms) = postSolution
		{2D8DA079-D35F-4244-8EC5-F470252C382A}.Debug|Any CPU.ActiveCfg = Debug|Any CPU
		{2D8DA079-D35F-4244-8EC5-F470252C382A}.Debug|Any CPU.Build.0 = Debug|Any CPU
		{2D8DA079-D35F-4244-8EC5-F470252C382A}.Release|Any CPU.ActiveCfg = Release|Any CPU
		{2D8DA079-D35F-4244-8EC5-F470252C382A}.Release|Any CPU.Build.0 = Release|Any CPU
	EndGlobalSection
	GlobalSection(SolutionProperties) = preSolution
		HideSolutionNode = FALSE
	EndGlobalSection
	GlobalSection(ExtensibilityGlobals) = postSolution
		SolutionGuid = {1152A030-5D4C-4150-883B-7BB75AAA72A3}
	EndGlobalSection
EndGlobal
