
Microsoft Visual Studio Solution File, Format Version 12.00
# Visual Studio Version 17
VisualStudioVersion = 17.2.32519.379
MinimumVisualStudioVersion = 10.0.40219.1
Project("{FAE04EC0-301F-11D3-BF4B-00C04F79EFBC}") = "BTHso_7", "BTHso_7\BTHso_7.csproj", "{C97BBC4A-53D0-4DE9-80FF-F6645A81214E}"
EndProject
Global
	GlobalSection(SolutionConfigurationPlatforms) = preSolution
		Debug|Any CPU = Debug|Any CPU
		Release|Any CPU = Release|Any CPU
	EndGlobalSection
	GlobalSection(ProjectConfigurationPlatforms) = postSolution
		{C97BBC4A-53D0-4DE9-80FF-F6645A81214E}.Debug|Any CPU.ActiveCfg = Debug|Any CPU
		{C97BBC4A-53D0-4DE9-80FF-F6645A81214E}.Debug|Any CPU.Build.0 = Debug|Any CPU
		{C97BBC4A-53D0-4DE9-80FF-F6645A81214E}.Release|Any CPU.ActiveCfg = Release|Any CPU
		{C97BBC4A-53D0-4DE9-80FF-F6645A81214E}.Release|Any CPU.Build.0 = Release|Any CPU
	EndGlobalSection
	GlobalSection(SolutionProperties) = preSolution
		HideSolutionNode = FALSE
	EndGlobalSection
	GlobalSection(ExtensibilityGlobals) = postSolution
		SolutionGuid = {CC521B1A-540C-4D5A-BDE2-2A6615510D7E}
	EndGlobalSection
EndGlobal
